{
  "nodes": {
    "nixpkgs": {
      "locked": {
        "lastModified": 1779536132,
        "narHash": "sha256-q+fF42iv/geEbHfgSzy3tS0FF/EyD6XTZ98E6yxiBO8=",
        "owner": "nixos",
        "repo": "nixpkgs",
        "rev": "3d8f0f3f72a6cd4d93d0ad13203f2ea1cb7e1456",
        "type": "github"
      },
      "original": {
        "owner": "nixos",
        "ref": "nixpkgs-unstable",
        "repo": "nixpkgs",
        "type": "github"
      }
    },
    "pi-ai-release": {
      "flake": false,
      "locked": {
        "lastModified": 499162500,
        "narHash": "sha256-aOyiUF6HZjSY7Jqh92Pzg8Ni06RBoBy2YUn2zGNnNTk=",
        "type": "tarball",
        "url": "https://registry.npmjs.org/@earendil-works/pi-ai/-/pi-ai-0.99.2.tgz"
      },
      "original": {
        "type": "tarball",
        "url": "https://registry.npmjs.org/@earendil-works/pi-ai/-/pi-ai-0.99.2.tgz"
      }
    },
    "root": {
      "inputs": {
        "nixpkgs": "nixpkgs",
        "pi-ai-release": "pi-ai-release"
      }
    }
  },
  "root": "root",
  "version": 7
}
